
Microsoft Visual Studio Solution File, Format Version 12.00
# Visual Studio Version 17
VisualStudioVersion = 17.3.32825.248
MinimumVisualStudioVersion = 10.0.40219.1
Project("{FAE04EC0-301F-11D3-BF4B-00C04F79EFBC}") = "nettside. oppgave", "nettside. oppgave\nettside. oppgave.csproj", "{D809831C-C039-42D0-B690-BEAF09177952}"
EndProject
Global
	GlobalSection(SolutionConfigurationPlatforms) = preSolution
		Debug|Any CPU = Debug|Any CPU
		Release|Any CPU = Release|Any CPU
	EndGlobalSection
	GlobalSection(ProjectConfigurationPlatforms) = postSolution
		{D809831C-C039-42D0-B690-BEAF09177952}.Debug|Any CPU.ActiveCfg = Debug|Any CPU
		{D809831C-C039-42D0-B690-BEAF09177952}.Debug|Any CPU.Build.0 = Debug|Any CPU
		{D809831C-C039-42D0-B690-BEAF09177952}.Release|Any CPU.ActiveCfg = Release|Any CPU
		{D809831C-C039-42D0-B690-BEAF09177952}.Release|Any CPU.Build.0 = Release|Any CPU
	EndGlobalSection
	GlobalSection(SolutionProperties) = preSolution
		HideSolutionNode = FALSE
	EndGlobalSection
	GlobalSection(ExtensibilityGlobals) = postSolution
		SolutionGuid = {42BDE10C-1135-419C-96B6-73F382E0591E}
	EndGlobalSection
EndGlobal
